
Microsoft Visual Studio Solution File, Format Version 12.00
# Visual Studio Version 17
VisualStudioVersion = 17.1.32210.238
MinimumVisualStudioVersion = 10.0.40219.1
Project("{FAE04EC0-301F-11D3-BF4B-00C04F79EFBC}") = "Battleship.Application", "Battleship.Application\Battleship.Application.csproj", "{F804E615-A92D-4708-8BDE-AF5343AE7ED1}"
EndProject
Project("{FAE04EC0-301F-11D3-BF4B-00C04F79EFBC}") = "Battleship.Engine", "Battleship.Engine\Battleship.Engine.csproj", "{35F28159-4E9A-441E-A9A6-A8426592C145}"
EndProject
Project("{FAE04EC0-301F-11D3-BF4B-00C04F79EFBC}") = "Battleship.UnitTests", "Battleship.UnitTests\Battleship.UnitTests.csproj", "{95825189-F598-4319-9382-41A70A2BCD27}"
EndProject
Global
	GlobalSection(SolutionConfigurationPlatforms) = preSolution
		Debug|Any CPU = Debug|Any CPU
		Release|Any CPU = Release|Any CPU
	EndGlobalSection
	GlobalSection(ProjectConfigurationPlatforms) = postSolution
		{F804E615-A92D-4708-8BDE-AF5343AE7ED1}.Debug|Any CPU.ActiveCfg = Debug|Any CPU
		{F804E615-A92D-4708-8BDE-AF5343AE7ED1}.Debug|Any CPU.Build.0 = Debug|Any CPU
		{F804E615-A92D-4708-8BDE-AF5343AE7ED1}.Release|Any CPU.ActiveCfg = Release|Any CPU
		{F804E615-A92D-4708-8BDE-AF5343AE7ED1}.Release|Any CPU.Build.0 = Release|Any CPU
		{35F28159-4E9A-441E-A9A6-A8426592C145}.Debug|Any CPU.ActiveCfg = Debug|Any CPU
		{35F28159-4E9A-441E-A9A6-A8426592C145}.Debug|Any CPU.Build.0 = Debug|Any CPU
		{35F28159-4E9A-441E-A9A6-A8426592C145}.Release|Any CPU.ActiveCfg = Release|Any CPU
		{35F28159-4E9A-441E-A9A6-A8426592C145}.Release|Any CPU.Build.0 = Release|Any CPU
		{95825189-F598-4319-9382-41A70A2BCD27}.Debug|Any CPU.ActiveCfg = Debug|Any CPU
		{95825189-F598-4319-9382-41A70A2BCD27}.Debug|Any CPU.Build.0 = Debug|Any CPU
		{95825189-F598-4319-9382-41A70A2BCD27}.Release|Any CPU.ActiveCfg = Release|Any CPU
		{95825189-F598-4319-9382-41A70A2BCD27}.Release|Any CPU.Build.0 = Release|Any CPU
	EndGlobalSection
	GlobalSection(SolutionProperties) = preSolution
		HideSolutionNode = FALSE
	EndGlobalSection
	GlobalSection(ExtensibilityGlobals) = postSolution
		SolutionGuid = {EFF4EA9D-FDAD-418A-B47A-E1609603D81B}
	EndGlobalSection
EndGlobal
